{
  "name": "my project",
  "lockfileVersion": 2,
  "requires": true,
  "packages": {
    "": {
      "dependencies": {
        "validate-form": "^1.0.1"
      }
    },
    "node_modules/creditcard": {
      "version": "0.1.3",
      "resolved": "https://registry.npmjs.org/creditcard/-/creditcard-0.1.3.tgz",
      "integrity": "sha512-PqKqX+GRPuX91vhSJhJ7twRFYxg96+wNJeVleLselOrXcZy7Q7cRbvX03NFg4LFYGJUxmM/F2IHD/HpyqFJCXQ=="
    },
    "node_modules/validate-form": {
      "version": "1.0.1",
      "resolved": "https://registry.npmjs.org/validate-form/-/validate-form-1.0.1.tgz",
      "integrity": "sha512-8iBAcqZ66AGCPu73/aGz9ViYnAVzCHox2dmyk0uvDMoWxbIk54g9w/vWIOntCsN+qKQ1KFSaDd0O4Ck+Frz5lA==",
      "dependencies": {
        "creditcard": "~0.1.0"
      }
    }
  },
  "dependencies": {
    "creditcard": {
      "version": "0.1.3",
      "resolved": "https://registry.npmjs.org/creditcard/-/creditcard-0.1.3.tgz",
      "integrity": "sha512-PqKqX+GRPuX91vhSJhJ7twRFYxg96+wNJeVleLselOrXcZy7Q7cRbvX03NFg4LFYGJUxmM/F2IHD/HpyqFJCXQ=="
    },
    "validate-form": {
      "version": "1.0.1",
      "resolved": "https://registry.npmjs.org/validate-form/-/validate-form-1.0.1.tgz",
      "integrity": "sha512-8iBAcqZ66AGCPu73/aGz9ViYnAVzCHox2dmyk0uvDMoWxbIk54g9w/vWIOntCsN+qKQ1KFSaDd0O4Ck+Frz5lA==",
      "requires": {
        "creditcard": "~0.1.0"
      }
    }
  }
}
